{
  "lockfileVersion": 1,
  "configVersion": 1,
  "workspaces": {
    "": {
      "name": "nativebrowser",
      "dependencies": {
        "@nativedesktop/cli": "^0.4.37",
        "@nativedesktop/data": "^0.4.37",
        "@nativedesktop/native": "^0.4.37",
        "@nativedesktop/react": "^0.4.37",
        "react": "19.2.7",
      },
      "devDependencies": {
        "@babel/cli": "8.0.4",
        "@babel/core": "8.0.1",
        "@babel/plugin-transform-react-jsx": "8.0.1",
        "@babel/preset-typescript": "8.0.1",
        "@nativedesktop/test": "^0.4.37",
        "@types/bun": "1.3.13",
        "@types/react": "19.2.17",
        "babel-plugin-nativedesktop": "^0.4.37",
        "babel-plugin-react-compiler": "1.0.0",
      },
    },
  },
  "packages": {
    "@babel/cli": ["@babel/cli@8.0.4", "", { "dependencies": { "@jridgewell/trace-mapping": "^0.3.28", "chokidar": "^5.0.0", "commander": "^14.0.2", "convert-source-map": "^2.0.0", "glob": "^13.0.0", "slash": "^5.1.0" }, "peerDependencies": { "@babel/core": "^8.0.0" }, "bin": { "babel": "./bin/babel.js" } }, "sha512-mgg9G7dJw7xzx/0Sn8eWQkDpEcQrlDdEV4Y4Ii+8Oay88+lK45vNuSavRUj4g+e5Yfw4tkH4U3ObBFOMJhy4oQ=="],

    "@babel/code-frame": ["@babel/code-frame@8.0.0", "", { "dependencies": { "@babel/helper-validator-identifier": "^8.0.0", "js-tokens": "^10.0.0" } }, "sha512-dYYg153EyN2Ekbqw2zAsbd6/JR+9N2SEoC7YV2GyyqMM7x9bLDTjBD6XBhSMLH0wtIVyJj03jWNriQhaN+eoCw=="],

    "@babel/compat-data": ["@babel/compat-data@8.0.0", "", {}, "sha512-DOjnob/cXOUgDOozCDeq/aK2p5y8dUIVdf6tNhEV1HQRd6I8aQ4f4fbtHRVEvb6lP3BGomrKHiS8ICAASSVQSw=="],

    "@babel/core": ["@babel/core@8.0.1", "", { "dependencies": { "@babel/code-frame": "^8.0.0", "@babel/generator": "^8.0.0", "@babel/helper-compilation-targets": "^8.0.0", "@babel/helpers": "^8.0.0", "@babel/parser": "^8.0.0", "@babel/template": "^8.0.0", "@babel/traverse": "^8.0.0", "@babel/types": "^8.0.0", "@types/gensync": "^1.0.5", "convert-source-map": "^2.0.0", "empathic": "^2.0.1", "gensync": "^1.0.0-beta.2", "import-meta-resolve": "^4.2.0", "json5": "^2.2.3", "obug": "^2.1.1", "semver": "^7.7.3" } }, "sha512-5FgxM4dLQpMJHSiVATk8foW263dVHQHBVpXYiimNECVWG01f4nFyEbQixeT6Mwvg7TayREJ2gpKl3o2RoMdnqw=="],

    "@babel/generator": ["@babel/generator@8.0.0", "", { "dependencies": { "@babel/parser": "^8.0.0", "@babel/types": "^8.0.0", "@jridgewell/gen-mapping": "^0.3.12", "@jridgewell/trace-mapping": "^0.3.28", "@types/jsesc": "^2.5.0", "jsesc": "^3.0.2" } }, "sha512-NT9NrVwJsbSV6Y2FSstWa71EETOnzrjkL5/wX3D2mYHtKM+qvqB1DvR4D0Setb/gDBsHzRICifwEWMO8CnTF6g=="],

    "@babel/helper-annotate-as-pure": ["@babel/helper-annotate-as-pure@8.0.0", "", { "dependencies": { "@babel/types": "^8.0.0" } }, "sha512-NSpMkMsvvZqzThJ0p1B02cbtA2ObEyfBvq950bmNkyxsxvcxwhvvCB036rKhlEnuBBo30bOrk13u3FzlKSoRrw=="],

    "@babel/helper-compilation-targets": ["@babel/helper-compilation-targets@8.0.0", "", { "dependencies": { "@babel/compat-data": "^8.0.0", "@babel/helper-validator-option": "^8.0.0", "browserslist": "^4.24.0", "lru-cache": "^11.0.0", "semver": "^7.7.3" } }, "sha512-JwculLABZvyPvyLBpwU/E/IbH2uM3mnxNtIJpxnIfb24y1PrdVxK5Dqjle4DpgqpGRnwgC7G8IkzPdSXZrO1Ew=="],

    "@babel/helper-create-class-features-plugin": ["@babel/helper-create-class-features-plugin@8.0.1", "", { "dependencies": { "@babel/helper-annotate-as-pure": "^8.0.0", "@babel/helper-member-expression-to-functions": "^8.0.0", "@babel/helper-optimise-call-expression": "^8.0.0", "@babel/helper-replace-supers": "^8.0.1", "@babel/helper-skip-transparent-expression-wrappers": "^8.0.0", "@babel/traverse": "^8.0.0", "semver": "^7.7.3" }, "peerDependencies": { "@babel/core": "^8.0.0" } }, "sha512-++t3ZktzlLmASAxIlxeXQK9Z2YwUafYGYcvGBFevqOqt16HozVHStUoQvWD09fzAZOb/uJGpUTBuGK41AJAuOA=="],

    "@babel/helper-globals": ["@babel/helper-globals@8.0.0", "", {}, "sha512-lLozHOM6sWWlxNo8CYqHy4MBZeTvHXNgVPBfPOGsjPKUzHC2Az9QwB6gxdQmpwHl6GlQtbGgS+lj5887guDiLw=="],

    "@babel/helper-member-expression-to-functions": ["@babel/helper-member-expression-to-functions@8.0.0", "", { "dependencies": { "@babel/traverse": "^8.0.0", "@babel/types": "^8.0.0" } }, "sha512-xkXrMbtk87Gk7+oKBVmBc6EORg/Qwx++AHESldmHkpvG8wgccdhJJFwrzqlF382Fk8wfXhJHWE/g/43QvEGNPQ=="],

    "@babel/helper-module-imports": ["@babel/helper-module-imports@8.0.0", "", { "dependencies": { "@babel/traverse": "^8.0.0", "@babel/types": "^8.0.0" } }, "sha512-NZ7mSS93o4ndX4KrbD7W8Sf3QT8Qe24PrnFyUcuOPDzK6faqDFKjY9RG7he7+I7FdiQ4llpnosFqzrXa+Vy3Ew=="],

    "@babel/helper-module-transforms": ["@babel/helper-module-transforms@8.0.1", "", { "dependencies": { "@babel/helper-module-imports": "^8.0.0", "@babel/helper-validator-identifier": "^8.0.0", "@babel/traverse": "^8.0.0" }, "peerDependencies": { "@babel/core": "^8.0.0" } }, "sha512-UgAhl1kqiW5ciE0yCXqqvnb4H2n3IELJ7lIIQRezwDPilPEZX5i+Rvbja9MFTkwUn2biEiSMeV31aUzR4Lwakw=="],

    "@babel/helper-optimise-call-expression": ["@babel/helper-optimise-call-expression@8.0.0", "", { "dependencies": { "@babel/types": "^8.0.0" } }, "sha512-3W6satvtPuCUkUx63S2jMoW9EQNYkADgs1HTfufmL7gCmAulHMKupA/12WNz4A0GMMFn/YnWWwqOT9IZrJHQjg=="],

    "@babel/helper-plugin-utils": ["@babel/helper-plugin-utils@8.0.1", "", { "peerDependencies": { "@babel/core": "^8.0.0" } }, "sha512-3PKFgjTyPlhFhorfP+SjKQxLViIL++zWjFOO4hGriYU+Bsm983DxEM1JmDRJVWXV0O9npu+xXRqz7Pbd3mh70g=="],

    "@babel/helper-replace-supers": ["@babel/helper-replace-supers@8.0.1", "", { "dependencies": { "@babel/helper-member-expression-to-functions": "^8.0.0", "@babel/helper-optimise-call-expression": "^8.0.0", "@babel/traverse": "^8.0.0" }, "peerDependencies": { "@babel/core": "^8.0.0" } }, "sha512-B1SZADIcy3tmH8CmWvj4SHi/oAPom4UL3uknTc2QRNsPVLFk/sPnZvQL/8kj7Y5omvjMqie0vklvs6XM4OLW5Q=="],

    "@babel/helper-skip-transparent-expression-wrappers": ["@babel/helper-skip-transparent-expression-wrappers@8.0.0", "", { "dependencies": { "@babel/traverse": "^8.0.0", "@babel/types": "^8.0.0" } }, "sha512-xmCA9kP3IhySsqhzwIdWGlDN/1A4cCKNBO/uwZx/3YzmDoMePwno2Q5/Bq0q+tYaKbeF940YiKV/kaW8Mzvpjw=="],

    "@babel/helper-string-parser": ["@babel/helper-string-parser@8.0.0", "", {}, "sha512-6mJgmFFFIIO82vvoLt9XtRC7/TkzXfts1t/SpRX4IHSzMgqoPYCWesVu1udUPUWioAE/2fcG6WuI8zrkE1gwrg=="],

    "@babel/helper-validator-identifier": ["@babel/helper-validator-identifier@8.0.4", "", {}, "sha512-4wFaiLd0bVo4cIoTXI3zKI038NIWE/cr3jvBjejOVYVxV/m8Ltav1USiGzG1fmS5J2RhgEOgXNNK46cRPnRsrg=="],

    "@babel/helper-validator-option": ["@babel/helper-validator-option@8.0.0", "", {}, "sha512-U4Dybxh4WESWHt5XhBeExi4DrY0/DNK1aHpQbsrQXCUbFHuMweT0TpLEWKvaraV2Y6fS+ZXunsZ8zIuZIgvF2Q=="],

    "@babel/helpers": ["@babel/helpers@8.0.0", "", { "dependencies": { "@babel/template": "^8.0.0", "@babel/types": "^8.0.0" } }, "sha512-wfbi91pM3py96oIiJEz7qIpyXDytgr9zQC1HEWwlGNVRAEmItuU/0a41ZUKu1sJGyhhOIpc4t5vk4PYzt8wpsg=="],

    "@babel/parser": ["@babel/parser@8.0.4", "", { "dependencies": { "@babel/types": "^8.0.4" }, "bin": "./bin/babel-parser.js" }, "sha512-srpptsAkEbbNIC/q8nT7o+m6CQe8CJUTV/t7MYc9NnWlgYVtHOb7JH6SorxMhN0kuRJjVqXbKClG6xSbPtzz+g=="],

    "@babel/plugin-syntax-jsx": ["@babel/plugin-syntax-jsx@8.0.1", "", { "dependencies": { "@babel/helper-plugin-utils": "^8.0.1" }, "peerDependencies": { "@babel/core": "^8.0.0" } }, "sha512-n0jtCOxEovhU7METqSQjcZO9pX53nu9uNIjMS+hEt+Nt9jA7oOZoBIgbCxhhASmF6T6rPDGge5UAvh6Z4eFz/g=="],

    "@babel/plugin-syntax-typescript": ["@babel/plugin-syntax-typescript@8.0.3", "", { "dependencies": { "@babel/helper-plugin-utils": "^8.0.1" }, "peerDependencies": { "@babel/core": "^8.0.0" } }, "sha512-jmTPwps7oSQSZaV1SxkQ3C12UWyufGysGc5OzDpZzvPAIX4mO7dJT3hoqkWVrSImvkcMiknir1iLN1SNV/CZzg=="],

    "@babel/plugin-transform-modules-commonjs": ["@babel/plugin-transform-modules-commonjs@8.0.1", "", { "dependencies": { "@babel/helper-module-transforms": "^8.0.1", "@babel/helper-plugin-utils": "^8.0.1" }, "peerDependencies": { "@babel/core": "^8.0.0" } }, "sha512-PMuzulWrrzFNmY3lXSk/tV9NRb7y0eZZLJY4UEo2TKszroxvUZHAPPi+T9FDyrQhod+TQA+t+8/QYaaMpiEuhA=="],

    "@babel/plugin-transform-react-jsx": ["@babel/plugin-transform-react-jsx@8.0.1", "", { "dependencies": { "@babel/helper-annotate-as-pure": "^8.0.0", "@babel/helper-module-imports": "^8.0.0", "@babel/helper-plugin-utils": "^8.0.1", "@babel/plugin-syntax-jsx": "^8.0.1", "@babel/types": "^8.0.0" }, "peerDependencies": { "@babel/core": "^8.0.0" } }, "sha512-NgkoF7Uq+30TmOPDdNUimT0Nta02uVjqJRFNlVWKrbOCu/CkzfHa4aMnIs0lMpkMmZmWA1e42Va+F04i/pY1zw=="],

    "@babel/plugin-transform-typescript": ["@babel/plugin-transform-typescript@8.0.1", "", { "dependencies": { "@babel/helper-annotate-as-pure": "^8.0.0", "@babel/helper-create-class-features-plugin": "^8.0.1", "@babel/helper-plugin-utils": "^8.0.1", "@babel/helper-skip-transparent-expression-wrappers": "^8.0.0", "@babel/plugin-syntax-typescript": "^8.0.1" }, "peerDependencies": { "@babel/core": "^8.0.0" } }, "sha512-0Svqp3413Eg0GElldykF/T7SNsxQO5YVGD70fZyAdZTnX8WRgcopmbiU7GTa5xY5ZnJcEpNbfns8/GjX+/1yeA=="],

    "@babel/preset-typescript": ["@babel/preset-typescript@8.0.1", "", { "dependencies": { "@babel/helper-plugin-utils": "^8.0.1", "@babel/helper-validator-option": "^8.0.0", "@babel/plugin-transform-modules-commonjs": "^8.0.1", "@babel/plugin-transform-typescript": "^8.0.1" }, "peerDependencies": { "@babel/core": "^8.0.0" } }, "sha512-qrPhQIN1NLrPmzgazF9XKQqXrOcp/WJly+K+6ReFonn24FZqRJO7clxOJo6Ni75L+2vAqI3cHVU2OJLBxoPp5A=="],

    "@babel/template": ["@babel/template@8.0.0", "", { "dependencies": { "@babel/code-frame": "^8.0.0", "@babel/parser": "^8.0.0", "@babel/types": "^8.0.0" } }, "sha512-eAD0QW/AlbamBbw0FeGiwasbCVPq5ncW0HNVyLP3B9czqLyh4gvw+5JTSNt6le9+ziAU7mqDZsKTHf3jTb4chQ=="],

    "@babel/traverse": ["@babel/traverse@8.0.4", "", { "dependencies": { "@babel/code-frame": "^8.0.0", "@babel/generator": "^8.0.0", "@babel/helper-globals": "^8.0.0", "@babel/parser": "^8.0.4", "@babel/template": "^8.0.0", "@babel/types": "^8.0.4", "obug": "^2.1.1" } }, "sha512-bZnmqzGG8UZneG1lLxBoWIH0G6Gr1D846Yu4/3XnY6FhCndMR49u26nTY08u/dAxWmLWF9vGQOuC+84FfIUoeg=="],

    "@babel/types": ["@babel/types@8.0.4", "", { "dependencies": { "@babel/helper-string-parser": "^8.0.0", "@babel/helper-validator-identifier": "^8.0.4" } }, "sha512-eY+Yn3dCqTGmyiq2QRU66lA5FL8lqqqvecHt0fF3uHONIa7ToYsaCiWV8lOKqAs0Rb2SjixiKFROngnulPtt2g=="],

    "@jridgewell/gen-mapping": ["@jridgewell/gen-mapping@0.3.13", "", { "dependencies": { "@jridgewell/sourcemap-codec": "^1.5.0", "@jridgewell/trace-mapping": "^0.3.24" } }, "sha512-2kkt/7niJ6MgEPxF0bYdQ6etZaA+fQvDcLKckhy1yIQOzaoKjBBjSj63/aLVjYE3qhRt5dvM+uUyfCg6UKCBbA=="],

    "@jridgewell/resolve-uri": ["@jridgewell/resolve-uri@3.1.2", "", {}, "sha512-bRISgCIjP20/tbWSPWMEi54QVPRZExkuD9lJL+UIxUKtwVJA8wW1Trb1jMs1RFXo1CBTNZ/5hpC9QvmKWdopKw=="],

    "@jridgewell/sourcemap-codec": ["@jridgewell/sourcemap-codec@1.5.5", "", {}, "sha512-cYQ9310grqxueWbl+WuIUIaiUaDcj7WOq5fVhEljNVgRfOUhY9fy2zTvfoqWsnebh8Sl70VScFbICvJnLKB0Og=="],

    "@jridgewell/trace-mapping": ["@jridgewell/trace-mapping@0.3.31", "", { "dependencies": { "@jridgewell/resolve-uri": "^3.1.0", "@jridgewell/sourcemap-codec": "^1.4.14" } }, "sha512-zzNR+SdQSDJzc8joaeP8QQoCQr8NuYx2dIIytl1QeBEZHJ9uW6hebsrYgbz8hJwUQao3TWCMtmfV8Nu1twOLAw=="],

    "@nativedesktop/cli": ["@nativedesktop/cli@0.4.37", "", { "dependencies": { "@nativedesktop/host": "0.4.37" }, "bin": { "nd": "src/index.ts" } }, "sha512-FVAoBwNnwvrtvCRt3o1+eTaG4GJfnJhhPSy+irxNqf9NZQHhx6i+PbRKOzRHqVI/9biK7GlfGfF9RzRAEnqjUw=="],

    "@nativedesktop/data": ["@nativedesktop/data@0.4.37", "", { "peerDependencies": { "@nativedesktop/react": "^0.4.37" }, "optionalPeers": ["@nativedesktop/react"] }, "sha512-bpiQl7dSRF2e3rY6HN/T1E+kZ2JjgDkFzR7cR+Firt4auWTZ15+Da1gU5ou9C40ia4qxcUEu3kt/Cwu7G28gmg=="],

    "@nativedesktop/host": ["@nativedesktop/host@0.4.37", "", { "optionalDependencies": { "@nativedesktop/host-darwin-arm64": "0.4.37", "@nativedesktop/host-linux-x64": "0.4.37" } }, "sha512-5JBVKwaAV6xQWwHsnOC+eeIOsqo5neKfF5+LUcULqO0UvTfWjIbmuneAs+wl7K1dwmD4UdFq+DDfk6cro17ALg=="],

    "@nativedesktop/host-darwin-arm64": ["@nativedesktop/host-darwin-arm64@0.4.37", "", { "os": "darwin", "cpu": "arm64" }, "sha512-YdXkjDI7LYfTETG8dcUXzqxIDn3xnTuItl/9wNiB3gmESn80U2W2RTRpIezVCg6sQt5bzNtvvxJhWgaNAJkIvw=="],

    "@nativedesktop/host-linux-x64": ["@nativedesktop/host-linux-x64@0.4.37", "", { "os": "linux", "cpu": "x64" }, "sha512-lzRisT9KRNdazll3yMz0WhaF8UTSZygmOZcfOKAnw7R3H9RTlLdV0UpWjom+VGSbXlN9lx5nbfi/kafv7U054Q=="],

    "@nativedesktop/native": ["@nativedesktop/native@0.4.37", "", {}, "sha512-iHWQs9WrlXqvFvgxLIVgQkr++qvDeQ1YBwMuh8kBZvebqTF0xHpSx1PBqgNqSYzRTi9J+DRC+/2WI7SwzhlTSQ=="],

    "@nativedesktop/react": ["@nativedesktop/react@0.4.37", "", { "dependencies": { "react-reconciler": "0.33.0", "react-refresh": "0.17.0" }, "peerDependencies": { "react": "^19.2.7" } }, "sha512-JURfcu0dmd3csbw1UISRTNVOhmdLJvOqmga3FIbNMTX6ZgLuNDqeE4rz14hDVUqwNHY1y5ve6W4yKPGFXdbmNw=="],

    "@nativedesktop/test": ["@nativedesktop/test@0.4.37", "", { "dependencies": { "@nativedesktop/host": "0.4.37", "@nativedesktop/react": "0.4.37" } }, "sha512-YKlCG1USwvBrXIg0cftjmTBtg9dRc4BbOb0WYby4twLYSRtRav42FIOrhdWTvbi9BvyBs+rIPoutfztJIP88RA=="],

    "@types/bun": ["@types/bun@1.3.13", "", { "dependencies": { "bun-types": "1.3.13" } }, "sha512-9fqXWk5YIHGGnUau9TEi+qdlTYDAnOj+xLCmSTwXfAIqXr2x4tytJb43E9uCvt09zJURKXwAtkoH4nLQfzeTXw=="],

    "@types/gensync": ["@types/gensync@1.0.5", "", {}, "sha512-MbsRCT7mTikHwKZ0X+LVUTLRrZZRLipTuXEO9qOYO+zmjMVk81axyClMROf6uoPD9MRVu46bx8zoR0Ad9q3NAg=="],

    "@types/jsesc": ["@types/jsesc@2.5.1", "", {}, "sha512-9VN+6yxLOPLOav+7PwjZbxiID2bVaeq0ED4qSQmdQTdjnXJSaCVKTR58t15oqH1H5t8Ng2ZX1SabJVoN9Q34bw=="],

    "@types/node": ["@types/node@26.2.0", "", { "dependencies": { "undici-types": "~8.3.0" } }, "sha512-5IviulTZeRNp2vAJ514cc/HUlY5nZ9fCbq9DMyC52BrhFZACo3nI0R7qBxhQmo/d27NFe96ur/b7Wwxklda+kg=="],

    "@types/react": ["@types/react@19.2.17", "", { "dependencies": { "csstype": "^3.2.2" } }, "sha512-MXfmqaVPEVgkBT/aY0aGCkRWWtByiYQXo3xdQ8r5RzuFrPiRn8Gar2tQdXSUQ2GKV3bkXckek89V8wQBY2Q/Aw=="],

    "babel-plugin-nativedesktop": ["babel-plugin-nativedesktop@0.4.37", "", {}, "sha512-W8+WhIzGm4zYuqv2MGEIITjOlLCT4+BGafqquMHEj8J8JaDQFz5vp906LqNxABaQ09h9qDEvxNCW5hnTNyY6RA=="],

    "babel-plugin-react-compiler": ["babel-plugin-react-compiler@1.0.0", "", { "dependencies": { "@babel/types": "^7.26.0" } }, "sha512-Ixm8tFfoKKIPYdCCKYTsqv+Fd4IJ0DQqMyEimo+pxUOMUR9cVPlwTrFt9Avu+3cb6Zp3mAzl+t1MrG2fxxKsxw=="],

    "balanced-match": ["balanced-match@4.0.4", "", {}, "sha512-BLrgEcRTwX2o6gGxGOCNyMvGSp35YofuYzw9h1IMTRmKqttAZZVU67bdb9Pr2vUHA8+j3i2tJfjO6C6+4myGTA=="],

    "baseline-browser-mapping": ["baseline-browser-mapping@2.11.16", "", { "bin": { "baseline-browser-mapping": "dist/cli.cjs" } }, "sha512-H/bNPUFHewJHyCTdjn1n3Pit5+2GmWT6mmeHImPX+8MA9NA6b67jO4gYmi4jTbCJb2otq34KMZnovndDPqJwhQ=="],

    "brace-expansion": ["brace-expansion@5.0.9", "", { "dependencies": { "balanced-match": "^4.0.2" } }, "sha512-ScQ4IuvIEF1TMlP7Zt+vjJ//9zlPb2SDcxWxM3bk8s6t6GGdJ7KO1dCcTidOPJKePW30LE/2cT7wCyPho9/Wxg=="],

    "browserslist": ["browserslist@4.28.8", "", { "dependencies": { "baseline-browser-mapping": "^2.11.12", "caniuse-lite": "^1.0.30001809", "electron-to-chromium": "^1.5.402", "node-releases": "^2.0.53", "update-browserslist-db": "^1.3.0" }, "bin": { "browserslist": "cli.js" } }, "sha512-V2NpofLblG64mfOtSgDhOJESZEGogzDMBv/q+W6oc4LXWP/q75eOXoOaaOu1EOadB9U4Bwx/e0yzbvwKH8zalA=="],

    "bun-types": ["bun-types@1.3.13", "", { "dependencies": { "@types/node": "*" } }, "sha512-QXKeHLlOLqQX9LgYaHJfzdBaV21T63HhFJnvuRCcjZiaUDpbs5ED1MgxbMra71CsryN/1dAoXuJJJwIv/2drVA=="],

    "caniuse-lite": ["caniuse-lite@1.0.30001809", "", {}, "sha512-xxWVywk6a6Arlk+hymeycyn/VgqEfLDxupvhH/xiY5SJ/18kmi9o6MiO320DCUzypORHLtvh0I4i04tUhCNHNQ=="],

    "chokidar": ["chokidar@5.0.0", "", { "dependencies": { "readdirp": "^5.0.0" } }, "sha512-TQMmc3w+5AxjpL8iIiwebF73dRDF4fBIieAqGn9RGCWaEVwQ6Fb2cGe31Yns0RRIzii5goJ1Y7xbMwo1TxMplw=="],

    "commander": ["commander@14.0.3", "", {}, "sha512-H+y0Jo/T1RZ9qPP4Eh1pkcQcLRglraJaSLoyOtHxu6AapkjWVCy2Sit1QQ4x3Dng8qDlSsZEet7g5Pq06MvTgw=="],

    "convert-source-map": ["convert-source-map@2.0.0", "", {}, "sha512-Kvp459HrV2FEJ1CAsi1Ku+MY3kasH19TFykTz2xWmMeq6bk2NU3XXvfJ+Q61m0xktWwt+1HSYf3JZsTms3aRJg=="],

    "csstype": ["csstype@3.2.3", "", {}, "sha512-z1HGKcYy2xA8AGQfwrn0PAy+PB7X/GSj3UVJW9qKyn43xWa+gl5nXmU4qqLMRzWVLFC8KusUX8T/0kCiOYpAIQ=="],

    "electron-to-chromium": ["electron-to-chromium@1.5.411", "", {}, "sha512-gglkxzokjHfawpGxq75XdBV2/l3BAPzrsMs70qgaZdTW5rpV1tC4MdgJVP9fN126bODA4ZJQkn1wryEzJyQXIg=="],

    "empathic": ["empathic@2.0.1", "", {}, "sha512-YGRs8knHhKHVShLkFET/rWAU8kmHbOV5LwN938RHI0pljAJ1Gf6SzXsSmRaEzcXTtOOmVqJ5+WtQPL5uigY50Q=="],

    "escalade": ["escalade@3.2.0", "", {}, "sha512-WUj2qlxaQtO4g6Pq5c29GTcWGDyd8itL8zTlipgECz3JesAiiOKotd8JU6otB3PACgG6xkJUyVhboMS+bje/jA=="],

    "gensync": ["gensync@1.0.0-beta.2", "", {}, "sha512-3hN7NaskYvMDLQY55gnW3NQ+mesEAepTqlg+VEbj7zzqEMBVNhzcGYYeqFo/TlYz6eQiFcp1HcsCZO+nGgS8zg=="],

    "glob": ["glob@13.0.6", "", { "dependencies": { "minimatch": "^10.2.2", "minipass": "^7.1.3", "path-scurry": "^2.0.2" } }, "sha512-Wjlyrolmm8uDpm/ogGyXZXb1Z+Ca2B8NbJwqBVg0axK9GbBeoS7yGV6vjXnYdGm6X53iehEuxxbyiKp8QmN4Vw=="],

    "import-meta-resolve": ["import-meta-resolve@4.2.0", "", {}, "sha512-Iqv2fzaTQN28s/FwZAoFq0ZSs/7hMAHJVX+w8PZl3cY19Pxk6jFFalxQoIfW2826i/fDLXv8IiEZRIT0lDuWcg=="],

    "js-tokens": ["js-tokens@10.0.0", "", {}, "sha512-lM/UBzQmfJRo9ABXbPWemivdCW8V2G8FHaHdypQaIy523snUjog0W71ayWXTjiR+ixeMyVHN2XcpnTd/liPg/Q=="],

    "jsesc": ["jsesc@3.1.0", "", { "bin": { "jsesc": "bin/jsesc" } }, "sha512-/sM3dO2FOzXjKQhJuo0Q173wf2KOo8t4I8vHy6lF9poUp7bKT0/NHE8fPX23PwfhnykfqnC2xRxOnVw5XuGIaA=="],

    "json5": ["json5@2.2.3", "", { "bin": { "json5": "lib/cli.js" } }, "sha512-XmOWe7eyHYH14cLdVPoyg+GOH3rYX++KpzrylJwSW98t3Nk+U8XOl8FWKOgwtzdb8lXGf6zYwDUzeHMWfxasyg=="],

    "lru-cache": ["lru-cache@11.5.2", "", {}, "sha512-4pfM1Ff0x50o0tQwb5ucw/RzNyD0/YJME6IVcStalZuMWxdt3sR3huStTtxz4PUmvZfRguvDejasvQ2kifR11g=="],

    "minimatch": ["minimatch@10.2.6", "", { "dependencies": { "brace-expansion": "^5.0.8" } }, "sha512-vpLQEs+VLCr1nU0BXS07maYoFwlDAH0gngQuuttxIwutDFEMHq2blX+8vpgxDdK3J1PwjCJiep77OitTZ4Ll1A=="],

    "minipass": ["minipass@7.1.3", "", {}, "sha512-tEBHqDnIoM/1rXME1zgka9g6Q2lcoCkxHLuc7ODJ5BxbP5d4c2Z5cGgtXAku59200Cx7diuHTOYfSBD8n6mm8A=="],

    "node-releases": ["node-releases@2.0.53", "", {}, "sha512-D9UOmYG3UH1V+ENW56t5QXBwJw1YEY18ruVeus89Rw+SyIgjPkCO84bRzO3uNIYosJbNwiabWVn48o3uJLjxFQ=="],

    "obug": ["obug@2.1.4", "", {}, "sha512-4a+OsYv9UktOJKE+l1A4OufDgdRF9PifWj+tJnHURo/P+WOxpG4GzUFL9qCalmWauao6ogiG+QvnCovwPoyAWA=="],

    "path-scurry": ["path-scurry@2.0.2", "", { "dependencies": { "lru-cache": "^11.0.0", "minipass": "^7.1.2" } }, "sha512-3O/iVVsJAPsOnpwWIeD+d6z/7PmqApyQePUtCndjatj/9I5LylHvt5qluFaBT3I5h3r1ejfR056c+FCv+NnNXg=="],

    "picocolors": ["picocolors@1.1.1", "", {}, "sha512-xceH2snhtb5M9liqDsmEw56le376mTZkEX/jEb/RxNFyegNul7eNslCXP9FDj/Lcu0X8KEyMceP2ntpaHrDEVA=="],

    "react": ["react@19.2.7", "", {}, "sha512-HNe9WslTbXmFK8o8cmwgAeJFSBvt1bPdHCVKtaaV+WlAN36mpT4hcRpwbf3fY56ar2oIXzsBpOAiIRHAdY0OlQ=="],

    "react-reconciler": ["react-reconciler@0.33.0", "", { "dependencies": { "scheduler": "^0.27.0" }, "peerDependencies": { "react": "^19.2.0" } }, "sha512-KetWRytFv1epdpJc3J4G75I4WrplZE5jOL7Yq0p34+OVOKF4Se7WrdIdVC45XsSSmUTlht2FM/fM1FZb1mfQeA=="],

    "react-refresh": ["react-refresh@0.17.0", "", {}, "sha512-z6F7K9bV85EfseRCp2bzrpyQ0Gkw1uLoCel9XBVWPg/TjRj94SkJzUTGfOa4bs7iJvBWtQG0Wq7wnI0syw3EBQ=="],

    "readdirp": ["readdirp@5.1.1", "", {}, "sha512-Kko+Y5XQ6fM+Ce3dq3m9YGxnacYZYl9cA1wZjaF3Vbry2L3i1qVg8+CAgNPsXRArPMUMCaOR7oa9Nqntc43JKA=="],

    "scheduler": ["scheduler@0.27.0", "", {}, "sha512-eNv+WrVbKu1f3vbYJT/xtiF5syA5HPIMtf9IgY/nKg0sWqzAUEvqY/xm7OcZc/qafLx/iO9FgOmeSAp4v5ti/Q=="],

    "semver": ["semver@7.8.5", "", { "bin": { "semver": "bin/semver.js" } }, "sha512-Y7/KDsb8LjooZpwaqGyulO6DQlksgCncchHGk+sZIY4SBvUocMBEFH5Ur1fI4dV+Jvl0w6cjvucaIi40puRioA=="],

    "slash": ["slash@5.1.0", "", {}, "sha512-ZA6oR3T/pEyuqwMgAKT0/hAv8oAXckzbkmR0UkUosQ+Mc4RxGoJkRmwHgHufaenlyAgE1Mxgpdcrf75y6XcnDg=="],

    "undici-types": ["undici-types@8.3.0", "", {}, "sha512-j375ScV60dom+YkPFIfTLcOiPxkN/buHz5GobjLhixFuANaNs3C9l4GmrWqejgXWJ7BbJcFYpTEUkS1Ge8bpZQ=="],

    "update-browserslist-db": ["update-browserslist-db@1.3.1", "", { "dependencies": { "escalade": "^3.2.0", "picocolors": "^1.1.1" }, "peerDependencies": { "browserslist": ">= 4.21.0" }, "bin": { "update-browserslist-db": "cli.js" } }, "sha512-ZZ61DsRsOnakl74HAmp3oSN4aXUmEWXf+i/yv0h7tIBfICc3VdrFErQKUUKPgu3AMsTUMbcongALEN4l6GSUrQ=="],

    "babel-plugin-react-compiler/@babel/types": ["@babel/types@7.29.8", "", { "dependencies": { "@babel/helper-string-parser": "^7.29.7", "@babel/helper-validator-identifier": "^7.29.7" } }, "sha512-Vj1jF3cPfxg7OAfoI7QnVKLoILlm2JF9pnVHrX8qx7AHMiYWT+NDAA7jChlNgRS4WTLc/fD1lXLmPixluj+3Gg=="],

    "babel-plugin-react-compiler/@babel/types/@babel/helper-string-parser": ["@babel/helper-string-parser@7.29.7", "", {}, "sha512-Pb5ijPrZ89GDH8223L4UP8i6QApWxs04RbPQJTeWDV0/keR2E36MeKnyr6LYmUUvqRRI+Iv87SuF1W6ErINzYw=="],

    "babel-plugin-react-compiler/@babel/types/@babel/helper-validator-identifier": ["@babel/helper-validator-identifier@7.29.7", "", {}, "sha512-qehxGkRj55h/ff8EMaJ+cYhyaKlHIxqYDn682wQD7RNp9UujOQsHog2uS0r2vzr4pW+sXf90NeeayjcNaX3fFg=="],
  }
}
